
Microsoft Visual Studio Solution File, Format Version 12.00
# Visual Studio Version 17
VisualStudioVersion = 17.14.36518.9 d17.14
MinimumVisualStudioVersion = 10.0.40219.1
Project("{888888A0-9F3D-457C-B088-3A5042F75D52}") = "test2", "test2\test2.pyproj", "{9603F9EF-F3FD-4CDB-8362-58AE88809306}"
EndProject
Global
	GlobalSection(SolutionConfigurationPlatforms) = preSolution
		Debug|Any CPU = Debug|Any CPU
		Release|Any CPU = Release|Any CPU
	EndGlobalSection
	GlobalSection(ProjectConfigurationPlatforms) = postSolution
		{9603F9EF-F3FD-4CDB-8362-58AE88809306}.Debug|Any CPU.ActiveCfg = Debug|Any CPU
		{9603F9EF-F3FD-4CDB-8362-58AE88809306}.Release|Any CPU.ActiveCfg = Release|Any CPU
	EndGlobalSection
	GlobalSection(SolutionProperties) = preSolution
		HideSolutionNode = FALSE
	EndGlobalSection
	GlobalSection(ExtensibilityGlobals) = postSolution
		SolutionGuid = {A0ABB170-C821-450A-9034-D191B2CC2CA3}
	EndGlobalSection
EndGlobal
