
Microsoft Visual Studio Solution File, Format Version 12.00
# Visual Studio Version 17
VisualStudioVersion = 17.14.36623.8 d17.14
MinimumVisualStudioVersion = 10.0.40219.1
Project("{8BC9CEB8-8B4A-11D0-8D11-00A0C91BC942}") = "11_22", "11_22.vcxproj", "{E9C2FD7D-0571-415B-89ED-9550A518A28E}"
EndProject
Global
	GlobalSection(SolutionConfigurationPlatforms) = preSolution
		Debug|x64 = Debug|x64
		Debug|x86 = Debug|x86
		Release|x64 = Release|x64
		Release|x86 = Release|x86
	EndGlobalSection
	GlobalSection(ProjectConfigurationPlatforms) = postSolution
		{E9C2FD7D-0571-415B-89ED-9550A518A28E}.Debug|x64.ActiveCfg = Debug|x64
		{E9C2FD7D-0571-415B-89ED-9550A518A28E}.Debug|x64.Build.0 = Debug|x64
		{E9C2FD7D-0571-415B-89ED-9550A518A28E}.Debug|x86.ActiveCfg = Debug|Win32
		{E9C2FD7D-0571-415B-89ED-9550A518A28E}.Debug|x86.Build.0 = Debug|Win32
		{E9C2FD7D-0571-415B-89ED-9550A518A28E}.Release|x64.ActiveCfg = Release|x64
		{E9C2FD7D-0571-415B-89ED-9550A518A28E}.Release|x64.Build.0 = Release|x64
		{E9C2FD7D-0571-415B-89ED-9550A518A28E}.Release|x86.ActiveCfg = Release|Win32
		{E9C2FD7D-0571-415B-89ED-9550A518A28E}.Release|x86.Build.0 = Release|Win32
	EndGlobalSection
	GlobalSection(SolutionProperties) = preSolution
		HideSolutionNode = FALSE
	EndGlobalSection
	GlobalSection(ExtensibilityGlobals) = postSolution
		SolutionGuid = {1D04CECB-10F9-4EB9-AFBF-3861E4C5DC2C}
	EndGlobalSection
EndGlobal
