
Microsoft Visual Studio Solution File, Format Version 12.00
# Visual Studio Version 17
VisualStudioVersion = 17.14.36603.0 d17.14
MinimumVisualStudioVersion = 10.0.40219.1
Project("{8BC9CEB8-8B4A-11D0-8D11-00A0C91BC942}") = "test_10_23", "test_10_23\test_10_23.vcxproj", "{AC71D4A1-7BC8-4081-8C9C-C16D24BEFB82}"
EndProject
Global
	GlobalSection(SolutionConfigurationPlatforms) = preSolution
		Debug|x64 = Debug|x64
		Debug|x86 = Debug|x86
		Release|x64 = Release|x64
		Release|x86 = Release|x86
	EndGlobalSection
	GlobalSection(ProjectConfigurationPlatforms) = postSolution
		{AC71D4A1-7BC8-4081-8C9C-C16D24BEFB82}.Debug|x64.ActiveCfg = Debug|x64
		{AC71D4A1-7BC8-4081-8C9C-C16D24BEFB82}.Debug|x64.Build.0 = Debug|x64
		{AC71D4A1-7BC8-4081-8C9C-C16D24BEFB82}.Debug|x86.ActiveCfg = Debug|Win32
		{AC71D4A1-7BC8-4081-8C9C-C16D24BEFB82}.Debug|x86.Build.0 = Debug|Win32
		{AC71D4A1-7BC8-4081-8C9C-C16D24BEFB82}.Release|x64.ActiveCfg = Release|x64
		{AC71D4A1-7BC8-4081-8C9C-C16D24BEFB82}.Release|x64.Build.0 = Release|x64
		{AC71D4A1-7BC8-4081-8C9C-C16D24BEFB82}.Release|x86.ActiveCfg = Release|Win32
		{AC71D4A1-7BC8-4081-8C9C-C16D24BEFB82}.Release|x86.Build.0 = Release|Win32
	EndGlobalSection
	GlobalSection(SolutionProperties) = preSolution
		HideSolutionNode = FALSE
	EndGlobalSection
	GlobalSection(ExtensibilityGlobals) = postSolution
		SolutionGuid = {98E576C9-FDFC-4254-BCFD-5BD32255E2AA}
	EndGlobalSection
EndGlobal
